
Microsoft Visual Studio Solution File, Format Version 12.00
# Visual Studio Version 16
VisualStudioVersion = 16.0.30406.217
MinimumVisualStudioVersion = 10.0.40219.1
Project("{FAE04EC0-301F-11D3-BF4B-00C04F79EFBC}") = "BookProvider", "BookProvider\BookProvider.csproj", "{66986438-2047-47E6-B09D-E00CBD044036}"
EndProject
Global
	GlobalSection(SolutionConfigurationPlatforms) = preSolution
		Debug|Any CPU = Debug|Any CPU
		Release|Any CPU = Release|Any CPU
	EndGlobalSection
	GlobalSection(ProjectConfigurationPlatforms) = postSolution
		{66986438-2047-47E6-B09D-E00CBD044036}.Debug|Any CPU.ActiveCfg = Debug|Any CPU
		{66986438-2047-47E6-B09D-E00CBD044036}.Debug|Any CPU.Build.0 = Debug|Any CPU
		{66986438-2047-47E6-B09D-E00CBD044036}.Release|Any CPU.ActiveCfg = Release|Any CPU
		{66986438-2047-47E6-B09D-E00CBD044036}.Release|Any CPU.Build.0 = Release|Any CPU
	EndGlobalSection
	GlobalSection(SolutionProperties) = preSolution
		HideSolutionNode = FALSE
	EndGlobalSection
	GlobalSection(ExtensibilityGlobals) = postSolution
		SolutionGuid = {EE39A7FC-E220-4B47-9523-DD209E9707F2}
	EndGlobalSection
EndGlobal
