
Microsoft Visual Studio Solution File, Format Version 12.00
Project("{FAE04EC0-301F-11D3-BF4B-00C04F79EFBC}") = "BookShop.Logic", "BookShop.Logic\BookShop.Logic.csproj", "{5C5ED32F-4E99-407E-A274-A97F2EC14C83}"
EndProject
Project("{FAE04EC0-301F-11D3-BF4B-00C04F79EFBC}") = "BookShop.Data", "BookShop.Data\BookShop.Data.csproj", "{2BF1993F-AA91-4C7A-8072-F90810C1215F}"
EndProject
Project("{FAE04EC0-301F-11D3-BF4B-00C04F79EFBC}") = "BookShop.Logic.Tests", "BookShop.Logic.Tests\BookShop.Logic.Tests.csproj", "{2D6A04D2-1A4C-4C57-A900-FA42625CC9CB}"
EndProject
Project("{FAE04EC0-301F-11D3-BF4B-00C04F79EFBC}") = "BookShop.Api", "BookShop.Api\BookShop.Api.csproj", "{10A58438-A809-4C3A-97EE-2FE4ABB49F2A}"
EndProject
Global
	GlobalSection(SolutionConfigurationPlatforms) = preSolution
		Debug|Any CPU = Debug|Any CPU
		Release|Any CPU = Release|Any CPU
	EndGlobalSection
	GlobalSection(ProjectConfigurationPlatforms) = postSolution
		{5C5ED32F-4E99-407E-A274-A97F2EC14C83}.Debug|Any CPU.ActiveCfg = Debug|Any CPU
		{5C5ED32F-4E99-407E-A274-A97F2EC14C83}.Debug|Any CPU.Build.0 = Debug|Any CPU
		{5C5ED32F-4E99-407E-A274-A97F2EC14C83}.Release|Any CPU.ActiveCfg = Release|Any CPU
		{5C5ED32F-4E99-407E-A274-A97F2EC14C83}.Release|Any CPU.Build.0 = Release|Any CPU
		{2BF1993F-AA91-4C7A-8072-F90810C1215F}.Debug|Any CPU.ActiveCfg = Debug|Any CPU
		{2BF1993F-AA91-4C7A-8072-F90810C1215F}.Debug|Any CPU.Build.0 = Debug|Any CPU
		{2BF1993F-AA91-4C7A-8072-F90810C1215F}.Release|Any CPU.ActiveCfg = Release|Any CPU
		{2BF1993F-AA91-4C7A-8072-F90810C1215F}.Release|Any CPU.Build.0 = Release|Any CPU
		{2D6A04D2-1A4C-4C57-A900-FA42625CC9CB}.Debug|Any CPU.ActiveCfg = Debug|Any CPU
		{2D6A04D2-1A4C-4C57-A900-FA42625CC9CB}.Debug|Any CPU.Build.0 = Debug|Any CPU
		{2D6A04D2-1A4C-4C57-A900-FA42625CC9CB}.Release|Any CPU.ActiveCfg = Release|Any CPU
		{2D6A04D2-1A4C-4C57-A900-FA42625CC9CB}.Release|Any CPU.Build.0 = Release|Any CPU
		{10A58438-A809-4C3A-97EE-2FE4ABB49F2A}.Debug|Any CPU.ActiveCfg = Debug|Any CPU
		{10A58438-A809-4C3A-97EE-2FE4ABB49F2A}.Debug|Any CPU.Build.0 = Debug|Any CPU
		{10A58438-A809-4C3A-97EE-2FE4ABB49F2A}.Release|Any CPU.ActiveCfg = Release|Any CPU
		{10A58438-A809-4C3A-97EE-2FE4ABB49F2A}.Release|Any CPU.Build.0 = Release|Any CPU
	EndGlobalSection
EndGlobal
